// !$*UTF8*$!
{
	archiveVersion = 1;
	classes = {
	};
	objectVersion = 55;
	objects = {

/* Begin PBXBuildFile section */
		074BDBDC28748019001676F0 /* AppDelegate.swift in Sources */ = {isa = PBXBuildFile; fileRef = 074BDBDB28748019001676F0 /* AppDelegate.swift */; };
		074BDBDE2874801A001676F0 /* SceneDelegate.swift in Sources */ = {isa = PBXBuildFile; fileRef = 074BDBDD2874801A001676F0 /* SceneDelegate.swift */; };
		074BDBE02874801A001676F0 /* ViewController.swift in Sources */ = {isa = PBXBuildFile; fileRef = 074BDBDF2874801A001676F0 /* ViewController.swift */; };
		074BDBE32874801A001676F0 /* Main.storyboard in Resources */ = {isa = PBXBuildFile; fileRef = 074BDBE12874801A001676F0 /* Main.storyboard */; };
		074BDBE52874801A001676F0 /* Assets.xcassets in Resources */ = {isa = PBXBuildFile; fileRef = 074BDBE42874801A001676F0 /* Assets.xcassets */; };
		074BDBE82874801A001676F0 /* LaunchScreen.storyboard in Resources */ = {isa = PBXBuildFile; fileRef = 074BDBE62874801A001676F0 /* LaunchScreen.storyboard */; };
		074BDBF228748096001676F0 /* ViewController1.swift in Sources */ = {isa = PBXBuildFile; fileRef = 074BDBF028748096001676F0 /* ViewController1.swift */; };
		074BDBF328748096001676F0 /* ViewController1.xib in Resources */ = {isa = PBXBuildFile; fileRef = 074BDBF128748096001676F0 /* ViewController1.xib */; };
		074BDBF7287480AE001676F0 /* ViewController2.swift in Sources */ = {isa = PBXBuildFile; fileRef = 074BDBF5287480AE001676F0 /* ViewController2.swift */; };
		074BDBF8287480AE001676F0 /* ViewController2.xib in Resources */ = {isa = PBXBuildFile; fileRef = 074BDBF6287480AE001676F0 /* ViewController2.xib */; };
		074BDBFC287480C9001676F0 /* ViewController3.swift in Sources */ = {isa = PBXBuildFile; fileRef = 074BDBFA287480C9001676F0 /* ViewController3.swift */; };
		074BDBFD287480C9001676F0 /* ViewController3.xib in Resources */ = {isa = PBXBuildFile; fileRef = 074BDBFB287480C9001676F0 /* ViewController3.xib */; };
		074BDC01287480DE001676F0 /* ViewController4.swift in Sources */ = {isa = PBXBuildFile; fileRef = 074BDBFF287480DE001676F0 /* ViewController4.swift */; };
		074BDC02287480DE001676F0 /* ViewController4.xib in Resources */ = {isa = PBXBuildFile; fileRef = 074BDC00287480DE001676F0 /* ViewController4.xib */; };
/* End PBXBuildFile section */

/* Begin PBXFileReference section */
		074BDBD828748019001676F0 /* Meditation.app */ = {isa = PBXFileReference; explicitFileType = wrapper.application; includeInIndex = 0; path = Meditation.app; sourceTree = BUILT_PRODUCTS_DIR; };
		074BDBDB28748019001676F0 /* AppDelegate.swift */ = {isa = PBXFileReference; lastKnownFileType = sourcecode.swift; path = AppDelegate.swift; sourceTree = "<group>"; };
		074BDBDD2874801A001676F0 /* SceneDelegate.swift */ = {isa = PBXFileReference; lastKnownFileType = sourcecode.swift; path = SceneDelegate.swift; sourceTree = "<group>"; };
		074BDBDF2874801A001676F0 /* ViewController.swift */ = {isa = PBXFileReference; lastKnownFileType = sourcecode.swift; path = ViewController.swift; sourceTree = "<group>"; };
		074BDBE22874801A001676F0 /* Base */ = {isa = PBXFileReference; lastKnownFileType = file.storyboard; name = Base; path = Base.lproj/Main.storyboard; sourceTree = "<group>"; };
		074BDBE42874801A001676F0 /* Assets.xcassets */ = {isa = PBXFileReference; lastKnownFileType = folder.assetcatalog; path = Assets.xcassets; sourceTree = "<group>"; };
		074BDBE72874801A001676F0 /* Base */ = {isa = PBXFileReference; lastKnownFileType = file.storyboard; name = Base; path = Base.lproj/LaunchScreen.storyboard; sourceTree = "<group>"; };
		074BDBE92874801A001676F0 /* Info.plist */ = {isa = PBXFileReference; lastKnownFileType = text.plist.xml; path = Info.plist; sourceTree = "<group>"; };
		074BDBF028748096001676F0 /* ViewController1.swift */ = {isa = PBXFileReference; lastKnownFileType = sourcecode.swift; path = ViewController1.swift; sourceTree = "<group>"; };
		074BDBF128748096001676F0 /* ViewController1.xib */ = {isa = PBXFileReference; lastKnownFileType = file.xib; path = ViewController1.xib; sourceTree = "<group>"; };
		074BDBF5287480AE001676F0 /* ViewController2.swift */ = {isa = PBXFileReference; lastKnownFileType = sourcecode.swift; path = ViewController2.swift; sourceTree = "<group>"; };
		074BDBF6287480AE001676F0 /* ViewController2.xib */ = {isa = PBXFileReference; lastKnownFileType = file.xib; path = ViewController2.xib; sourceTree = "<group>"; };
		074BDBFA287480C9001676F0 /* ViewController3.swift */ = {isa = PBXFileReference; lastKnownFileType = sourcecode.swift; path = ViewController3.swift; sourceTree = "<group>"; };
		074BDBFB287480C9001676F0 /* ViewController3.xib */ = {isa = PBXFileReference; lastKnownFileType = file.xib; path = ViewController3.xib; sourceTree = "<group>"; };
		074BDBFF287480DE001676F0 /* ViewController4.swift */ = {isa = PBXFileReference; lastKnownFileType = sourcecode.swift; path = ViewController4.swift; sourceTree = "<group>"; };
		074BDC00287480DE001676F0 /* ViewController4.xib */ = {isa = PBXFileReference; lastKnownFileType = file.xib; path = ViewController4.xib; sourceTree = "<group>"; };
/* End PBXFileReference section */

/* Begin PBXFrameworksBuildPhase section */
		074BDBD528748019001676F0 /* Frameworks */ = {
			isa = PBXFrameworksBuildPhase;
			buildActionMask = 2147483647;
			files = (
			);
			runOnlyForDeploymentPostprocessing = 0;
		};
/* End PBXFrameworksBuildPhase section */

/* Begin PBXGroup section */
		074BDBCF28748019001676F0 = {
			isa = PBXGroup;
			children = (
				074BDBDA28748019001676F0 /* Meditation */,
				074BDBD928748019001676F0 /* Products */,
			);
			sourceTree = "<group>";
		};
		074BDBD928748019001676F0 /* Products */ = {
			isa = PBXGroup;
			children = (
				074BDBD828748019001676F0 /* Meditation.app */,
			);
			name = Products;
			sourceTree = "<group>";
		};
		074BDBDA28748019001676F0 /* Meditation */ = {
			isa = PBXGroup;
			children = (
				074BDBFE287480CD001676F0 /* AsgatNap */,
				074BDBF9287480B8001676F0 /* ElinaSleep */,
				074BDBF42874809B001676F0 /* DashaFocus */,
				074BDBEF28748085001676F0 /* LadaMusic */,
				074BDBDB28748019001676F0 /* AppDelegate.swift */,
				074BDBDD2874801A001676F0 /* SceneDelegate.swift */,
				074BDBDF2874801A001676F0 /* ViewController.swift */,
				074BDBE12874801A001676F0 /* Main.storyboard */,
				074BDBE42874801A001676F0 /* Assets.xcassets */,
				074BDBE62874801A001676F0 /* LaunchScreen.storyboard */,
				074BDBE92874801A001676F0 /* Info.plist */,
			);
			path = Meditation;
			sourceTree = "<group>";
		};
		074BDBEF28748085001676F0 /* LadaMusic */ = {
			isa = PBXGroup;
			children = (
				074BDBF028748096001676F0 /* ViewController1.swift */,
				074BDBF128748096001676F0 /* ViewController1.xib */,
			);
			path = LadaMusic;
			sourceTree = "<group>";
		};
		074BDBF42874809B001676F0 /* DashaFocus */ = {
			isa = PBXGroup;
			children = (
				074BDBF5287480AE001676F0 /* ViewController2.swift */,
				074BDBF6287480AE001676F0 /* ViewController2.xib */,
			);
			path = DashaFocus;
			sourceTree = "<group>";
		};
		074BDBF9287480B8001676F0 /* ElinaSleep */ = {
			isa = PBXGroup;
			children = (
				074BDBFA287480C9001676F0 /* ViewController3.swift */,
				074BDBFB287480C9001676F0 /* ViewController3.xib */,
			);
			path = ElinaSleep;
			sourceTree = "<group>";
		};
		074BDBFE287480CD001676F0 /* AsgatNap */ = {
			isa = PBXGroup;
			children = (
				074BDBFF287480DE001676F0 /* ViewController4.swift */,
				074BDC00287480DE001676F0 /* ViewController4.xib */,
			);
			path = AsgatNap;
			sourceTree = "<group>";
		};
/* End PBXGroup section */

/* Begin PBXNativeTarget section */
		074BDBD728748019001676F0 /* Meditation */ = {
			isa = PBXNativeTarget;
			buildConfigurationList = 074BDBEC2874801A001676F0 /* Build configuration list for PBXNativeTarget "Meditation" */;
			buildPhases = (
				074BDBD428748019001676F0 /* Sources */,
				074BDBD528748019001676F0 /* Frameworks */,
				074BDBD628748019001676F0 /* Resources */,
			);
			buildRules = (
			);
			dependencies = (
			);
			name = Meditation;
			productName = Meditation;
			productReference = 074BDBD828748019001676F0 /* Meditation.app */;
			productType = "com.apple.product-type.application";
		};
/* End PBXNativeTarget section */

/* Begin PBXProject section */
		074BDBD028748019001676F0 /* Project object */ = {
			isa = PBXProject;
			attributes = {
				BuildIndependentTargetsInParallel = 1;
				LastSwiftUpdateCheck = 1340;
				LastUpgradeCheck = 1340;
				TargetAttributes = {
					074BDBD728748019001676F0 = {
						CreatedOnToolsVersion = 13.4.1;
					};
				};
			};
			buildConfigurationList = 074BDBD328748019001676F0 /* Build configuration list for PBXProject "Meditation" */;
			compatibilityVersion = "Xcode 13.0";
			developmentRegion = en;
			hasScannedForEncodings = 0;
			knownRegions = (
				en,
				Base,
			);
			mainGroup = 074BDBCF28748019001676F0;
			productRefGroup = 074BDBD928748019001676F0 /* Products */;
			projectDirPath = "";
			projectRoot = "";
			targets = (
				074BDBD728748019001676F0 /* Meditation */,
			);
		};
/* End PBXProject section */

/* Begin PBXResourcesBuildPhase section */
		074BDBD628748019001676F0 /* Resources */ = {
			isa = PBXResourcesBuildPhase;
			buildActionMask = 2147483647;
			files = (
				074BDBFD287480C9001676F0 /* ViewController3.xib in Resources */,
				074BDBF8287480AE001676F0 /* ViewController2.xib in Resources */,
				074BDBF328748096001676F0 /* ViewController1.xib in Resources */,
				074BDBE82874801A001676F0 /* LaunchScreen.storyboard in Resources */,
				074BDC02287480DE001676F0 /* ViewController4.xib in Resources */,
				074BDBE52874801A001676F0 /* Assets.xcassets in Resources */,
				074BDBE32874801A001676F0 /* Main.storyboard in Resources */,
			);
			runOnlyForDeploymentPostprocessing = 0;
		};
/* End PBXResourcesBuildPhase section */

/* Begin PBXSourcesBuildPhase section */
		074BDBD428748019001676F0 /* Sources */ = {
			isa = PBXSourcesBuildPhase;
			buildActionMask = 2147483647;
			files = (
				074BDBF7287480AE001676F0 /* ViewController2.swift in Sources */,
				074BDC01287480DE001676F0 /* ViewController4.swift in Sources */,
				074BDBF228748096001676F0 /* ViewController1.swift in Sources */,
				074BDBFC287480C9001676F0 /* ViewController3.swift in Sources */,
				074BDBE02874801A001676F0 /* ViewController.swift in Sources */,
				074BDBDC28748019001676F0 /* AppDelegate.swift in Sources */,
				074BDBDE2874801A001676F0 /* SceneDelegate.swift in Sources */,
			);
			runOnlyForDeploymentPostprocessing = 0;
		};
/* End PBXSourcesBuildPhase section */

/* Begin PBXVariantGroup section */
		074BDBE12874801A001676F0 /* Main.storyboard */ = {
			isa = PBXVariantGroup;
			children = (
				074BDBE22874801A001676F0 /* Base */,
			);
			name = Main.storyboard;
			sourceTree = "<group>";
		};
		074BDBE62874801A001676F0 /* LaunchScreen.storyboard */ = {
			isa = PBXVariantGroup;
			children = (
				074BDBE72874801A001676F0 /* Base */,
			);
			name = LaunchScreen.storyboard;
			sourceTree = "<group>";
		};
/* End PBXVariantGroup section */

/* Begin XCBuildConfiguration section */
		074BDBEA2874801A001676F0 /* Debug */ = {
			isa = XCBuildConfiguration;
			buildSettings = {
				ALWAYS_SEARCH_USER_PATHS = NO;
				CLANG_ANALYZER_NONNULL = YES;
				CLANG_ANALYZER_NUMBER_OBJECT_CONVERSION = YES_AGGRESSIVE;
				CLANG_CXX_LANGUAGE_STANDARD = "gnu++17";
				CLANG_ENABLE_MODULES = YES;
				CLANG_ENABLE_OBJC_ARC = YES;
				CLANG_ENABLE_OBJC_WEAK = YES;
				CLANG_WARN_BLOCK_CAPTURE_AUTORELEASING = YES;
				CLANG_WARN_BOOL_CONVERSION = YES;
				CLANG_WARN_COMMA = YES;
				CLANG_WARN_CONSTANT_CONVERSION = YES;
				CLANG_WARN_DEPRECATED_OBJC_IMPLEMENTATIONS = YES;
				CLANG_WARN_DIRECT_OBJC_ISA_USAGE = YES_ERROR;
				CLANG_WARN_DOCUMENTATION_COMMENTS = YES;
				CLANG_WARN_EMPTY_BODY = YES;
				CLANG_WARN_ENUM_CONVERSION = YES;
				CLANG_WARN_INFINITE_RECURSION = YES;
				CLANG_WARN_INT_CONVERSION = YES;
				CLANG_WARN_NON_LITERAL_NULL_CONVERSION = YES;
				CLANG_WARN_OBJC_IMPLICIT_RETAIN_SELF = YES;
				CLANG_WARN_OBJC_LITERAL_CONVERSION = YES;
				CLANG_WARN_OBJC_ROOT_CLASS = YES_ERROR;
				CLANG_WARN_QUOTED_INCLUDE_IN_FRAMEWORK_HEADER = YES;
				CLANG_WARN_RANGE_LOOP_ANALYSIS = YES;
				CLANG_WARN_STRICT_PROTOTYPES = YES;
				CLANG_WARN_SUSPICIOUS_MOVE = YES;
				CLANG_WARN_UNGUARDED_AVAILABILITY = YES_AGGRESSIVE;
				CLANG_WARN_UNREACHABLE_CODE = YES;
				CLANG_WARN__DUPLICATE_METHOD_MATCH = YES;
				COPY_PHASE_STRIP = NO;
				DEBUG_INFORMATION_FORMAT = dwarf;
				ENABLE_STRICT_OBJC_MSGSEND = YES;
				ENABLE_TESTABILITY = YES;
				GCC_C_LANGUAGE_STANDARD = gnu11;
				GCC_DYNAMIC_NO_PIC = NO;
				GCC_NO_COMMON_BLOCKS = YES;
				GCC_OPTIMIZATION_LEVEL = 0;
				GCC_PREPROCESSOR_DEFINITIONS = (
					"DEBUG=1",
					"$(inherited)",
				);
				GCC_WARN_64_TO_32_BIT_CONVERSION = YES;
				GCC_WARN_ABOUT_RETURN_TYPE = YES_ERROR;
				GCC_WARN_UNDECLARED_SELECTOR = YES;
				GCC_WARN_UNINITIALIZED_AUTOS = YES_AGGRESSIVE;
				GCC_WARN_UNUSED_FUNCTION = YES;
				GCC_WARN_UNUSED_VARIABLE = YES;
				IPHONEOS_DEPLOYMENT_TARGET = 15.5;
				MTL_ENABLE_DEBUG_INFO = INCLUDE_SOURCE;
				MTL_FAST_MATH = YES;
				ONLY_ACTIVE_ARCH = YES;
				SDKROOT = iphoneos;
				SWIFT_ACTIVE_COMPILATION_CONDITIONS = DEBUG;
				SWIFT_OPTIMIZATION_LEVEL = "-Onone";
			};
			name = Debug;
		};
		074BDBEB2874801A001676F0 /* Release */ = {
			isa = XCBuildConfiguration;
			buildSettings = {
				ALWAYS_SEARCH_USER_PATHS = NO;
				CLANG_ANALYZER_NONNULL = YES;
				CLANG_ANALYZER_NUMBER_OBJECT_CONVERSION = YES_AGGRESSIVE;
				CLANG_CXX_LANGUAGE_STANDARD = "gnu++17";
				CLANG_ENABLE_MODULES = YES;
				CLANG_ENABLE_OBJC_ARC = YES;
				CLANG_ENABLE_OBJC_WEAK = YES;
				CLANG_WARN_BLOCK_CAPTURE_AUTORELEASING = YES;
				CLANG_WARN_BOOL_CONVERSION = YES;
				CLANG_WARN_COMMA = YES;
				CLANG_WARN_CONSTANT_CONVERSION = YES;
				CLANG_WARN_DEPRECATED_OBJC_IMPLEMENTATIONS = YES;
				CLANG_WARN_DIRECT_OBJC_ISA_USAGE = YES_ERROR;
				CLANG_WARN_DOCUMENTATION_COMMENTS = YES;
				CLANG_WARN_EMPTY_BODY = YES;
				CLANG_WARN_ENUM_CONVERSION = YES;
				CLANG_WARN_INFINITE_RECURSION = YES;
				CLANG_WARN_INT_CONVERSION = YES;
				CLANG_WARN_NON_LITERAL_NULL_CONVERSION = YES;
				CLANG_WARN_OBJC_IMPLICIT_RETAIN_SELF = YES;
				CLANG_WARN_OBJC_LITERAL_CONVERSION = YES;
				CLANG_WARN_OBJC_ROOT_CLASS = YES_ERROR;
				CLANG_WARN_QUOTED_INCLUDE_IN_FRAMEWORK_HEADER = YES;
				CLANG_WARN_RANGE_LOOP_ANALYSIS = YES;
				CLANG_WARN_STRICT_PROTOTYPES = YES;
				CLANG_WARN_SUSPICIOUS_MOVE = YES;
				CLANG_WARN_UNGUARDED_AVAILABILITY = YES_AGGRESSIVE;
				CLANG_WARN_UNREACHABLE_CODE = YES;
				CLANG_WARN__DUPLICATE_METHOD_MATCH = YES;
				COPY_PHASE_STRIP = NO;
				DEBUG_INFORMATION_FORMAT = "dwarf-with-dsym";
				ENABLE_NS_ASSERTIONS = NO;
				ENABLE_STRICT_OBJC_MSGSEND = YES;
				GCC_C_LANGUAGE_STANDARD = gnu11;
				GCC_NO_COMMON_BLOCKS = YES;
				GCC_WARN_64_TO_32_BIT_CONVERSION = YES;
				GCC_WARN_ABOUT_RETURN_TYPE = YES_ERROR;
				GCC_WARN_UNDECLARED_SELECTOR = YES;
				GCC_WARN_UNINITIALIZED_AUTOS = YES_AGGRESSIVE;
				GCC_WARN_UNUSED_FUNCTION = YES;
				GCC_WARN_UNUSED_VARIABLE = YES;
				IPHONEOS_DEPLOYMENT_TARGET = 15.5;
				MTL_ENABLE_DEBUG_INFO = NO;
				MTL_FAST_MATH = YES;
				SDKROOT = iphoneos;
				SWIFT_COMPILATION_MODE = wholemodule;
				SWIFT_OPTIMIZATION_LEVEL = "-O";
				VALIDATE_PRODUCT = YES;
			};
			name = Release;
		};
		074BDBED2874801A001676F0 /* Debug */ = {
			isa = XCBuildConfiguration;
			buildSettings = {
				ASSETCATALOG_COMPILER_APPICON_NAME = AppIcon;
				ASSETCATALOG_COMPILER_GLOBAL_ACCENT_COLOR_NAME = AccentColor;
				CODE_SIGN_STYLE = Automatic;
				CURRENT_PROJECT_VERSION = 1;
				GENERATE_INFOPLIST_FILE = YES;
				INFOPLIST_FILE = Meditation/Info.plist;
				INFOPLIST_KEY_UIApplicationSupportsIndirectInputEvents = YES;
				INFOPLIST_KEY_UILaunchStoryboardName = LaunchScreen;
				INFOPLIST_KEY_UIMainStoryboardFile = Main;
				INFOPLIST_KEY_UISupportedInterfaceOrientations_iPad = "UIInterfaceOrientationPortrait UIInterfaceOrientationPortraitUpsideDown UIInterfaceOrientationLandscapeLeft UIInterfaceOrientationLandscapeRight";
				INFOPLIST_KEY_UISupportedInterfaceOrientations_iPhone = "UIInterfaceOrientationPortrait UIInterfaceOrientationLandscapeLeft UIInterfaceOrientationLandscapeRight";
				IPHONEOS_DEPLOYMENT_TARGET = 13.0;
				LD_RUNPATH_SEARCH_PATHS = (
					"$(inherited)",
					"@executable_path/Frameworks",
				);
				MARKETING_VERSION = 1.0;
				PRODUCT_BUNDLE_IDENTIFIER = com.itis.Meditation;
				PRODUCT_NAME = "$(TARGET_NAME)";
				SWIFT_EMIT_LOC_STRINGS = YES;
				SWIFT_VERSION = 5.0;
				TARGETED_DEVICE_FAMILY = 1;
			};
			name = Debug;
		};
		074BDBEE2874801A001676F0 /* Release */ = {
			isa = XCBuildConfiguration;
			buildSettings = {
				ASSETCATALOG_COMPILER_APPICON_NAME = AppIcon;
				ASSETCATALOG_COMPILER_GLOBAL_ACCENT_COLOR_NAME = AccentColor;
				CODE_SIGN_STYLE = Automatic;
				CURRENT_PROJECT_VERSION = 1;
				GENERATE_INFOPLIST_FILE = YES;
				INFOPLIST_FILE = Meditation/Info.plist;
				INFOPLIST_KEY_UIApplicationSupportsIndirectInputEvents = YES;
				INFOPLIST_KEY_UILaunchStoryboardName = LaunchScreen;
				INFOPLIST_KEY_UIMainStoryboardFile = Main;
				INFOPLIST_KEY_UISupportedInterfaceOrientations_iPad = "UIInterfaceOrientationPortrait UIInterfaceOrientationPortraitUpsideDown UIInterfaceOrientationLandscapeLeft UIInterfaceOrientationLandscapeRight";
				INFOPLIST_KEY_UISupportedInterfaceOrientations_iPhone = "UIInterfaceOrientationPortrait UIInterfaceOrientationLandscapeLeft UIInterfaceOrientationLandscapeRight";
				IPHONEOS_DEPLOYMENT_TARGET = 13.0;
				LD_RUNPATH_SEARCH_PATHS = (
					"$(inherited)",
					"@executable_path/Frameworks",
				);
				MARKETING_VERSION = 1.0;
				PRODUCT_BUNDLE_IDENTIFIER = com.itis.Meditation;
				PRODUCT_NAME = "$(TARGET_NAME)";
				SWIFT_EMIT_LOC_STRINGS = YES;
				SWIFT_VERSION = 5.0;
				TARGETED_DEVICE_FAMILY = 1;
			};
			name = Release;
		};
/* End XCBuildConfiguration section */

/* Begin XCConfigurationList section */
		074BDBD328748019001676F0 /* Build configuration list for PBXProject "Meditation" */ = {
			isa = XCConfigurationList;
			buildConfigurations = (
				074BDBEA2874801A001676F0 /* Debug */,
				074BDBEB2874801A001676F0 /* Release */,
			);
			defaultConfigurationIsVisible = 0;
			defaultConfigurationName = Release;
		};
		074BDBEC2874801A001676F0 /* Build configuration list for PBXNativeTarget "Meditation" */ = {
			isa = XCConfigurationList;
			buildConfigurations = (
				074BDBED2874801A001676F0 /* Debug */,
				074BDBEE2874801A001676F0 /* Release */,
			);
			defaultConfigurationIsVisible = 0;
			defaultConfigurationName = Release;
		};
/* End XCConfigurationList section */
	};
	rootObject = 074BDBD028748019001676F0 /* Project object */;
}
